
Microsoft Visual Studio Solution File, Format Version 12.00
# Visual Studio Version 17
VisualStudioVersion = 17.4.33110.190
MinimumVisualStudioVersion = 10.0.40219.1
Project("{9A19103F-16F7-4668-BE54-9A1E7A4F7556}") = "CountIt", "src\CountIt\CountIt.csproj", "{C7987A48-12E2-4D65-9A6F-7FA0A4030D3C}"
EndProject
Project("{9A19103F-16F7-4668-BE54-9A1E7A4F7556}") = "CountIt.UnitTests", "tests\CountIt.UnitTests\CountIt.UnitTests.csproj", "{751A63ED-093E-45F8-AB18-090FD353DE97}"
EndProject
Global
	GlobalSection(SolutionConfigurationPlatforms) = preSolution
		Debug|Any CPU = Debug|Any CPU
		Release|Any CPU = Release|Any CPU
	EndGlobalSection
	GlobalSection(ProjectConfigurationPlatforms) = postSolution
		{C7987A48-12E2-4D65-9A6F-7FA0A4030D3C}.Debug|Any CPU.ActiveCfg = Debug|Any CPU
		{C7987A48-12E2-4D65-9A6F-7FA0A4030D3C}.Debug|Any CPU.Build.0 = Debug|Any CPU
		{C7987A48-12E2-4D65-9A6F-7FA0A4030D3C}.Release|Any CPU.ActiveCfg = Release|Any CPU
		{C7987A48-12E2-4D65-9A6F-7FA0A4030D3C}.Release|Any CPU.Build.0 = Release|Any CPU
		{751A63ED-093E-45F8-AB18-090FD353DE97}.Debug|Any CPU.ActiveCfg = Debug|Any CPU
		{751A63ED-093E-45F8-AB18-090FD353DE97}.Debug|Any CPU.Build.0 = Debug|Any CPU
		{751A63ED-093E-45F8-AB18-090FD353DE97}.Release|Any CPU.ActiveCfg = Release|Any CPU
		{751A63ED-093E-45F8-AB18-090FD353DE97}.Release|Any CPU.Build.0 = Release|Any CPU
	EndGlobalSection
	GlobalSection(SolutionProperties) = preSolution
		HideSolutionNode = FALSE
	EndGlobalSection
	GlobalSection(ExtensibilityGlobals) = postSolution
		SolutionGuid = {734F330A-336E-4336-9614-5C725FD54C12}
	EndGlobalSection
EndGlobal
